
Microsoft Visual Studio Solution File, Format Version 12.00
# Visual Studio Version 16
VisualStudioVersion = 16.0.31729.503
MinimumVisualStudioVersion = 10.0.40219.1
Project("{8BC9CEB8-8B4A-11D0-8D11-00A0C91BC942}") = "Platformer_Game", "Platformer_Game.vcxproj", "{18196794-40AE-4106-9C58-CB64D7DB7D98}"
EndProject
Global
	GlobalSection(SolutionConfigurationPlatforms) = preSolution
		Debug|x64 = Debug|x64
		Debug|x86 = Debug|x86
		Release|x64 = Release|x64
		Release|x86 = Release|x86
	EndGlobalSection
	GlobalSection(ProjectConfigurationPlatforms) = postSolution
		{18196794-40AE-4106-9C58-CB64D7DB7D98}.Debug|x64.ActiveCfg = Debug|x64
		{18196794-40AE-4106-9C58-CB64D7DB7D98}.Debug|x64.Build.0 = Debug|x64
		{18196794-40AE-4106-9C58-CB64D7DB7D98}.Debug|x86.ActiveCfg = Debug|Win32
		{18196794-40AE-4106-9C58-CB64D7DB7D98}.Debug|x86.Build.0 = Debug|Win32
		{18196794-40AE-4106-9C58-CB64D7DB7D98}.Release|x64.ActiveCfg = Release|x64
		{18196794-40AE-4106-9C58-CB64D7DB7D98}.Release|x64.Build.0 = Release|x64
		{18196794-40AE-4106-9C58-CB64D7DB7D98}.Release|x86.ActiveCfg = Release|Win32
		{18196794-40AE-4106-9C58-CB64D7DB7D98}.Release|x86.Build.0 = Release|Win32
	EndGlobalSection
	GlobalSection(SolutionProperties) = preSolution
		HideSolutionNode = FALSE
	EndGlobalSection
	GlobalSection(ExtensibilityGlobals) = postSolution
		SolutionGuid = {B75FE273-635B-445A-882C-C89560711803}
	EndGlobalSection
EndGlobal
